
Microsoft Visual Studio Solution File, Format Version 12.00
# Visual Studio Version 17
VisualStudioVersion = 17.4.33213.308
MinimumVisualStudioVersion = 10.0.40219.1
Project("{FAE04EC0-301F-11D3-BF4B-00C04F79EFBC}") = "COMP003A.LectureActivity3", "COMP003A.LectureActivity3\COMP003A.LectureActivity3.csproj", "{5B8334F2-0373-436E-8D2F-2C07A5C61F85}"
EndProject
Global
	GlobalSection(SolutionConfigurationPlatforms) = preSolution
		Debug|Any CPU = Debug|Any CPU
		Release|Any CPU = Release|Any CPU
	EndGlobalSection
	GlobalSection(ProjectConfigurationPlatforms) = postSolution
		{5B8334F2-0373-436E-8D2F-2C07A5C61F85}.Debug|Any CPU.ActiveCfg = Debug|Any CPU
		{5B8334F2-0373-436E-8D2F-2C07A5C61F85}.Debug|Any CPU.Build.0 = Debug|Any CPU
		{5B8334F2-0373-436E-8D2F-2C07A5C61F85}.Release|Any CPU.ActiveCfg = Release|Any CPU
		{5B8334F2-0373-436E-8D2F-2C07A5C61F85}.Release|Any CPU.Build.0 = Release|Any CPU
	EndGlobalSection
	GlobalSection(SolutionProperties) = preSolution
		HideSolutionNode = FALSE
	EndGlobalSection
	GlobalSection(ExtensibilityGlobals) = postSolution
		SolutionGuid = {C296B60A-9326-42DD-A068-F2B51D6F7F72}
	EndGlobalSection
EndGlobal
